// !$*UTF8*$!
{
	archiveVersion = 1;
	classes = {
	};
	objectVersion = 50;
	objects = {

/* Begin PBXBuildFile section */
		42140724257F1819008763CA /* AppDelegate.swift in Sources */ = {isa = PBXBuildFile; fileRef = 42140723257F1819008763CA /* AppDelegate.swift */; };
		42140726257F1819008763CA /* SceneDelegate.swift in Sources */ = {isa = PBXBuildFile; fileRef = 42140725257F1819008763CA /* SceneDelegate.swift */; };
		42140728257F1819008763CA /* ViewController.swift in Sources */ = {isa = PBXBuildFile; fileRef = 42140727257F1819008763CA /* ViewController.swift */; };
		4214072B257F1819008763CA /* Main.storyboard in Resources */ = {isa = PBXBuildFile; fileRef = 42140729257F1819008763CA /* Main.storyboard */; };
		4214072E257F1819008763CA /* HoopsQuiz.xcdatamodeld in Sources */ = {isa = PBXBuildFile; fileRef = 4214072C257F1819008763CA /* HoopsQuiz.xcdatamodeld */; };
		42140730257F181E008763CA /* Assets.xcassets in Resources */ = {isa = PBXBuildFile; fileRef = 4214072F257F181E008763CA /* Assets.xcassets */; };
		42140733257F181E008763CA /* LaunchScreen.storyboard in Resources */ = {isa = PBXBuildFile; fileRef = 42140731257F181E008763CA /* LaunchScreen.storyboard */; };
		42140740257F1A02008763CA /* Player.swift in Sources */ = {isa = PBXBuildFile; fileRef = 4214073F257F1A02008763CA /* Player.swift */; };
		4214074425801180008763CA /* Constants.swift in Sources */ = {isa = PBXBuildFile; fileRef = 4214074325801180008763CA /* Constants.swift */; };
		425208F32582ADF500F89CFF /* MenuViewController.swift in Sources */ = {isa = PBXBuildFile; fileRef = 425208F22582ADF500F89CFF /* MenuViewController.swift */; };
		425208F62582AE1B00F89CFF /* ReportViewController.swift in Sources */ = {isa = PBXBuildFile; fileRef = 425208F52582AE1B00F89CFF /* ReportViewController.swift */; };
/* End PBXBuildFile section */

/* Begin PBXFileReference section */
		42140720257F1819008763CA /* HoopsQuiz.app */ = {isa = PBXFileReference; explicitFileType = wrapper.application; includeInIndex = 0; path = HoopsQuiz.app; sourceTree = BUILT_PRODUCTS_DIR; };
		42140723257F1819008763CA /* AppDelegate.swift */ = {isa = PBXFileReference; lastKnownFileType = sourcecode.swift; path = AppDelegate.swift; sourceTree = "<group>"; };
		42140725257F1819008763CA /* SceneDelegate.swift */ = {isa = PBXFileReference; lastKnownFileType = sourcecode.swift; path = SceneDelegate.swift; sourceTree = "<group>"; };
		42140727257F1819008763CA /* ViewController.swift */ = {isa = PBXFileReference; lastKnownFileType = sourcecode.swift; path = ViewController.swift; sourceTree = "<group>"; };
		4214072A257F1819008763CA /* Base */ = {isa = PBXFileReference; lastKnownFileType = file.storyboard; name = Base; path = Base.lproj/Main.storyboard; sourceTree = "<group>"; };
		4214072D257F1819008763CA /* HoopsQuiz.xcdatamodel */ = {isa = PBXFileReference; lastKnownFileType = wrapper.xcdatamodel; path = HoopsQuiz.xcdatamodel; sourceTree = "<group>"; };
		4214072F257F181E008763CA /* Assets.xcassets */ = {isa = PBXFileReference; lastKnownFileType = folder.assetcatalog; path = Assets.xcassets; sourceTree = "<group>"; };
		42140732257F181E008763CA /* Base */ = {isa = PBXFileReference; lastKnownFileType = file.storyboard; name = Base; path = Base.lproj/LaunchScreen.storyboard; sourceTree = "<group>"; };
		42140734257F181E008763CA /* Info.plist */ = {isa = PBXFileReference; lastKnownFileType = text.plist.xml; path = Info.plist; sourceTree = "<group>"; };
		4214073F257F1A02008763CA /* Player.swift */ = {isa = PBXFileReference; lastKnownFileType = sourcecode.swift; path = Player.swift; sourceTree = "<group>"; };
		4214074325801180008763CA /* Constants.swift */ = {isa = PBXFileReference; lastKnownFileType = sourcecode.swift; path = Constants.swift; sourceTree = "<group>"; };
		425208F22582ADF500F89CFF /* MenuViewController.swift */ = {isa = PBXFileReference; lastKnownFileType = sourcecode.swift; path = MenuViewController.swift; sourceTree = "<group>"; };
		425208F52582AE1B00F89CFF /* ReportViewController.swift */ = {isa = PBXFileReference; lastKnownFileType = sourcecode.swift; path = ReportViewController.swift; sourceTree = "<group>"; };
/* End PBXFileReference section */

/* Begin PBXFrameworksBuildPhase section */
		4214071D257F1819008763CA /* Frameworks */ = {
			isa = PBXFrameworksBuildPhase;
			buildActionMask = 2147483647;
			files = (
			);
			runOnlyForDeploymentPostprocessing = 0;
		};
/* End PBXFrameworksBuildPhase section */

/* Begin PBXGroup section */
		42140717257F1819008763CA = {
			isa = PBXGroup;
			children = (
				42140722257F1819008763CA /* HoopsQuiz */,
				42140721257F1819008763CA /* Products */,
			);
			sourceTree = "<group>";
		};
		42140721257F1819008763CA /* Products */ = {
			isa = PBXGroup;
			children = (
				42140720257F1819008763CA /* HoopsQuiz.app */,
			);
			name = Products;
			sourceTree = "<group>";
		};
		42140722257F1819008763CA /* HoopsQuiz */ = {
			isa = PBXGroup;
			children = (
				42140723257F1819008763CA /* AppDelegate.swift */,
				42140725257F1819008763CA /* SceneDelegate.swift */,
				4214073E257F19EF008763CA /* Models */,
				4214073C257F1860008763CA /* Controllers */,
				4214073B257F1859008763CA /* Views */,
				4214072F257F181E008763CA /* Assets.xcassets */,
				42140731257F181E008763CA /* LaunchScreen.storyboard */,
				42140734257F181E008763CA /* Info.plist */,
				4214072C257F1819008763CA /* HoopsQuiz.xcdatamodeld */,
			);
			path = HoopsQuiz;
			sourceTree = "<group>";
		};
		4214073B257F1859008763CA /* Views */ = {
			isa = PBXGroup;
			children = (
				42140729257F1819008763CA /* Main.storyboard */,
			);
			path = Views;
			sourceTree = "<group>";
		};
		4214073C257F1860008763CA /* Controllers */ = {
			isa = PBXGroup;
			children = (
				425208F52582AE1B00F89CFF /* ReportViewController.swift */,
				425208F22582ADF500F89CFF /* MenuViewController.swift */,
				42140727257F1819008763CA /* ViewController.swift */,
			);
			path = Controllers;
			sourceTree = "<group>";
		};
		4214073E257F19EF008763CA /* Models */ = {
			isa = PBXGroup;
			children = (
				4214073F257F1A02008763CA /* Player.swift */,
				4214074325801180008763CA /* Constants.swift */,
			);
			path = Models;
			sourceTree = "<group>";
		};
/* End PBXGroup section */

/* Begin PBXNativeTarget section */
		4214071F257F1819008763CA /* HoopsQuiz */ = {
			isa = PBXNativeTarget;
			buildConfigurationList = 42140737257F181E008763CA /* Build configuration list for PBXNativeTarget "HoopsQuiz" */;
			buildPhases = (
				4214071C257F1819008763CA /* Sources */,
				4214071D257F1819008763CA /* Frameworks */,
				4214071E257F1819008763CA /* Resources */,
			);
			buildRules = (
			);
			dependencies = (
			);
			name = HoopsQuiz;
			productName = HoopsQuiz;
			productReference = 42140720257F1819008763CA /* HoopsQuiz.app */;
			productType = "com.apple.product-type.application";
		};
/* End PBXNativeTarget section */

/* Begin PBXProject section */
		42140718257F1819008763CA /* Project object */ = {
			isa = PBXProject;
			attributes = {
				LastSwiftUpdateCheck = 1200;
				LastUpgradeCheck = 1200;
				TargetAttributes = {
					4214071F257F1819008763CA = {
						CreatedOnToolsVersion = 12.0.1;
					};
				};
			};
			buildConfigurationList = 4214071B257F1819008763CA /* Build configuration list for PBXProject "HoopsQuiz" */;
			compatibilityVersion = "Xcode 9.3";
			developmentRegion = en;
			hasScannedForEncodings = 0;
			knownRegions = (
				en,
				Base,
			);
			mainGroup = 42140717257F1819008763CA;
			productRefGroup = 42140721257F1819008763CA /* Products */;
			projectDirPath = "";
			projectRoot = "";
			targets = (
				4214071F257F1819008763CA /* HoopsQuiz */,
			);
		};
/* End PBXProject section */

/* Begin PBXResourcesBuildPhase section */
		4214071E257F1819008763CA /* Resources */ = {
			isa = PBXResourcesBuildPhase;
			buildActionMask = 2147483647;
			files = (
				42140733257F181E008763CA /* LaunchScreen.storyboard in Resources */,
				42140730257F181E008763CA /* Assets.xcassets in Resources */,
				4214072B257F1819008763CA /* Main.storyboard in Resources */,
			);
			runOnlyForDeploymentPostprocessing = 0;
		};
/* End PBXResourcesBuildPhase section */

/* Begin PBXSourcesBuildPhase section */
		4214071C257F1819008763CA /* Sources */ = {
			isa = PBXSourcesBuildPhase;
			buildActionMask = 2147483647;
			files = (
				425208F62582AE1B00F89CFF /* ReportViewController.swift in Sources */,
				4214072E257F1819008763CA /* HoopsQuiz.xcdatamodeld in Sources */,
				42140728257F1819008763CA /* ViewController.swift in Sources */,
				42140724257F1819008763CA /* AppDelegate.swift in Sources */,
				425208F32582ADF500F89CFF /* MenuViewController.swift in Sources */,
				42140740257F1A02008763CA /* Player.swift in Sources */,
				42140726257F1819008763CA /* SceneDelegate.swift in Sources */,
				4214074425801180008763CA /* Constants.swift in Sources */,
			);
			runOnlyForDeploymentPostprocessing = 0;
		};
/* End PBXSourcesBuildPhase section */

/* Begin PBXVariantGroup section */
		42140729257F1819008763CA /* Main.storyboard */ = {
			isa = PBXVariantGroup;
			children = (
				4214072A257F1819008763CA /* Base */,
			);
			name = Main.storyboard;
			sourceTree = "<group>";
		};
		42140731257F181E008763CA /* LaunchScreen.storyboard */ = {
			isa = PBXVariantGroup;
			children = (
				42140732257F181E008763CA /* Base */,
			);
			name = LaunchScreen.storyboard;
			sourceTree = "<group>";
		};
/* End PBXVariantGroup section */

/* Begin XCBuildConfiguration section */
		42140735257F181E008763CA /* Debug */ = {
			isa = XCBuildConfiguration;
			buildSettings = {
				ALWAYS_SEARCH_USER_PATHS = NO;
				CLANG_ANALYZER_NONNULL = YES;
				CLANG_ANALYZER_NUMBER_OBJECT_CONVERSION = YES_AGGRESSIVE;
				CLANG_CXX_LANGUAGE_STANDARD = "gnu++14";
				CLANG_CXX_LIBRARY = "libc++";
				CLANG_ENABLE_MODULES = YES;
				CLANG_ENABLE_OBJC_ARC = YES;
				CLANG_ENABLE_OBJC_WEAK = YES;
				CLANG_WARN_BLOCK_CAPTURE_AUTORELEASING = YES;
				CLANG_WARN_BOOL_CONVERSION = YES;
				CLANG_WARN_COMMA = YES;
				CLANG_WARN_CONSTANT_CONVERSION = YES;
				CLANG_WARN_DEPRECATED_OBJC_IMPLEMENTATIONS = YES;
				CLANG_WARN_DIRECT_OBJC_ISA_USAGE = YES_ERROR;
				CLANG_WARN_DOCUMENTATION_COMMENTS = YES;
				CLANG_WARN_EMPTY_BODY = YES;
				CLANG_WARN_ENUM_CONVERSION = YES;
				CLANG_WARN_INFINITE_RECURSION = YES;
				CLANG_WARN_INT_CONVERSION = YES;
				CLANG_WARN_NON_LITERAL_NULL_CONVERSION = YES;
				CLANG_WARN_OBJC_IMPLICIT_RETAIN_SELF = YES;
				CLANG_WARN_OBJC_LITERAL_CONVERSION = YES;
				CLANG_WARN_OBJC_ROOT_CLASS = YES_ERROR;
				CLANG_WARN_QUOTED_INCLUDE_IN_FRAMEWORK_HEADER = YES;
				CLANG_WARN_RANGE_LOOP_ANALYSIS = YES;
				CLANG_WARN_STRICT_PROTOTYPES = YES;
				CLANG_WARN_SUSPICIOUS_MOVE = YES;
				CLANG_WARN_UNGUARDED_AVAILABILITY = YES_AGGRESSIVE;
				CLANG_WARN_UNREACHABLE_CODE = YES;
				CLANG_WARN__DUPLICATE_METHOD_MATCH = YES;
				COPY_PHASE_STRIP = NO;
				DEBUG_INFORMATION_FORMAT = dwarf;
				ENABLE_STRICT_OBJC_MSGSEND = YES;
				ENABLE_TESTABILITY = YES;
				GCC_C_LANGUAGE_STANDARD = gnu11;
				GCC_DYNAMIC_NO_PIC = NO;
				GCC_NO_COMMON_BLOCKS = YES;
				GCC_OPTIMIZATION_LEVEL = 0;
				GCC_PREPROCESSOR_DEFINITIONS = (
					"DEBUG=1",
					"$(inherited)",
				);
				GCC_WARN_64_TO_32_BIT_CONVERSION = YES;
				GCC_WARN_ABOUT_RETURN_TYPE = YES_ERROR;
				GCC_WARN_UNDECLARED_SELECTOR = YES;
				GCC_WARN_UNINITIALIZED_AUTOS = YES_AGGRESSIVE;
				GCC_WARN_UNUSED_FUNCTION = YES;
				GCC_WARN_UNUSED_VARIABLE = YES;
				IPHONEOS_DEPLOYMENT_TARGET = 14.0;
				MTL_ENABLE_DEBUG_INFO = INCLUDE_SOURCE;
				MTL_FAST_MATH = YES;
				ONLY_ACTIVE_ARCH = YES;
				SDKROOT = iphoneos;
				SWIFT_ACTIVE_COMPILATION_CONDITIONS = DEBUG;
				SWIFT_OPTIMIZATION_LEVEL = "-Onone";
			};
			name = Debug;
		};
		42140736257F181E008763CA /* Release */ = {
			isa = XCBuildConfiguration;
			buildSettings = {
				ALWAYS_SEARCH_USER_PATHS = NO;
				CLANG_ANALYZER_NONNULL = YES;
				CLANG_ANALYZER_NUMBER_OBJECT_CONVERSION = YES_AGGRESSIVE;
				CLANG_CXX_LANGUAGE_STANDARD = "gnu++14";
				CLANG_CXX_LIBRARY = "libc++";
				CLANG_ENABLE_MODULES = YES;
				CLANG_ENABLE_OBJC_ARC = YES;
				CLANG_ENABLE_OBJC_WEAK = YES;
				CLANG_WARN_BLOCK_CAPTURE_AUTORELEASING = YES;
				CLANG_WARN_BOOL_CONVERSION = YES;
				CLANG_WARN_COMMA = YES;
				CLANG_WARN_CONSTANT_CONVERSION = YES;
				CLANG_WARN_DEPRECATED_OBJC_IMPLEMENTATIONS = YES;
				CLANG_WARN_DIRECT_OBJC_ISA_USAGE = YES_ERROR;
				CLANG_WARN_DOCUMENTATION_COMMENTS = YES;
				CLANG_WARN_EMPTY_BODY = YES;
				CLANG_WARN_ENUM_CONVERSION = YES;
				CLANG_WARN_INFINITE_RECURSION = YES;
				CLANG_WARN_INT_CONVERSION = YES;
				CLANG_WARN_NON_LITERAL_NULL_CONVERSION = YES;
				CLANG_WARN_OBJC_IMPLICIT_RETAIN_SELF = YES;
				CLANG_WARN_OBJC_LITERAL_CONVERSION = YES;
				CLANG_WARN_OBJC_ROOT_CLASS = YES_ERROR;
				CLANG_WARN_QUOTED_INCLUDE_IN_FRAMEWORK_HEADER = YES;
				CLANG_WARN_RANGE_LOOP_ANALYSIS = YES;
				CLANG_WARN_STRICT_PROTOTYPES = YES;
				CLANG_WARN_SUSPICIOUS_MOVE = YES;
				CLANG_WARN_UNGUARDED_AVAILABILITY = YES_AGGRESSIVE;
				CLANG_WARN_UNREACHABLE_CODE = YES;
				CLANG_WARN__DUPLICATE_METHOD_MATCH = YES;
				COPY_PHASE_STRIP = NO;
				DEBUG_INFORMATION_FORMAT = "dwarf-with-dsym";
				ENABLE_NS_ASSERTIONS = NO;
				ENABLE_STRICT_OBJC_MSGSEND = YES;
				GCC_C_LANGUAGE_STANDARD = gnu11;
				GCC_NO_COMMON_BLOCKS = YES;
				GCC_WARN_64_TO_32_BIT_CONVERSION = YES;
				GCC_WARN_ABOUT_RETURN_TYPE = YES_ERROR;
				GCC_WARN_UNDECLARED_SELECTOR = YES;
				GCC_WARN_UNINITIALIZED_AUTOS = YES_AGGRESSIVE;
				GCC_WARN_UNUSED_FUNCTION = YES;
				GCC_WARN_UNUSED_VARIABLE = YES;
				IPHONEOS_DEPLOYMENT_TARGET = 14.0;
				MTL_ENABLE_DEBUG_INFO = NO;
				MTL_FAST_MATH = YES;
				SDKROOT = iphoneos;
				SWIFT_COMPILATION_MODE = wholemodule;
				SWIFT_OPTIMIZATION_LEVEL = "-O";
				VALIDATE_PRODUCT = YES;
			};
			name = Release;
		};
		42140738257F181E008763CA /* Debug */ = {
			isa = XCBuildConfiguration;
			buildSettings = {
				ASSETCATALOG_COMPILER_APPICON_NAME = AppIcon;
				ASSETCATALOG_COMPILER_GLOBAL_ACCENT_COLOR_NAME = AccentColor;
				CODE_SIGN_STYLE = Automatic;
				DEVELOPMENT_TEAM = 5YP4T32B58;
				INFOPLIST_FILE = HoopsQuiz/Info.plist;
				LD_RUNPATH_SEARCH_PATHS = (
					"$(inherited)",
					"@executable_path/Frameworks",
				);
				PRODUCT_BUNDLE_IDENTIFIER = com.NipunSingh.HoopsQuiz;
				PRODUCT_NAME = "$(TARGET_NAME)";
				SWIFT_VERSION = 5.0;
				TARGETED_DEVICE_FAMILY = 1;
			};
			name = Debug;
		};
		42140739257F181E008763CA /* Release */ = {
			isa = XCBuildConfiguration;
			buildSettings = {
				ASSETCATALOG_COMPILER_APPICON_NAME = AppIcon;
				ASSETCATALOG_COMPILER_GLOBAL_ACCENT_COLOR_NAME = AccentColor;
				CODE_SIGN_STYLE = Automatic;
				DEVELOPMENT_TEAM = 5YP4T32B58;
				INFOPLIST_FILE = HoopsQuiz/Info.plist;
				LD_RUNPATH_SEARCH_PATHS = (
					"$(inherited)",
					"@executable_path/Frameworks",
				);
				PRODUCT_BUNDLE_IDENTIFIER = com.NipunSingh.HoopsQuiz;
				PRODUCT_NAME = "$(TARGET_NAME)";
				SWIFT_VERSION = 5.0;
				TARGETED_DEVICE_FAMILY = 1;
			};
			name = Release;
		};
/* End XCBuildConfiguration section */

/* Begin XCConfigurationList section */
		4214071B257F1819008763CA /* Build configuration list for PBXProject "HoopsQuiz" */ = {
			isa = XCConfigurationList;
			buildConfigurations = (
				42140735257F181E008763CA /* Debug */,
				42140736257F181E008763CA /* Release */,
			);
			defaultConfigurationIsVisible = 0;
			defaultConfigurationName = Release;
		};
		42140737257F181E008763CA /* Build configuration list for PBXNativeTarget "HoopsQuiz" */ = {
			isa = XCConfigurationList;
			buildConfigurations = (
				42140738257F181E008763CA /* Debug */,
				42140739257F181E008763CA /* Release */,
			);
			defaultConfigurationIsVisible = 0;
			defaultConfigurationName = Release;
		};
/* End XCConfigurationList section */

/* Begin XCVersionGroup section */
		4214072C257F1819008763CA /* HoopsQuiz.xcdatamodeld */ = {
			isa = XCVersionGroup;
			children = (
				4214072D257F1819008763CA /* HoopsQuiz.xcdatamodel */,
			);
			currentVersion = 4214072D257F1819008763CA /* HoopsQuiz.xcdatamodel */;
			path = HoopsQuiz.xcdatamodeld;
			sourceTree = "<group>";
			versionGroupType = wrapper.xcdatamodel;
		};
/* End XCVersionGroup section */
	};
	rootObject = 42140718257F1819008763CA /* Project object */;
}
